// !$*UTF8*$!
{
	archiveVersion = 1;
	classes = {
	};
	objectVersion = 46;
	objects = {

/* Begin PBXBuildFile section */
		3E13BAE31B50399A0052F56D /* WizardLocationViewController.m in Sources */ = {isa = PBXBuildFile; fileRef = 3E13BAE21B50399A0052F56D /* WizardLocationViewController.m */; };
		3E13BAE51B5045210052F56D /* MapKit.framework in Frameworks */ = {isa = PBXBuildFile; fileRef = 3E13BAE41B5045210052F56D /* MapKit.framework */; };
		3E6A717F1B4C5584005415F6 /* Search.storyboard in Resources */ = {isa = PBXBuildFile; fileRef = 3E6A717E1B4C5584005415F6 /* Search.storyboard */; };
		3E6A71811B4C559B005415F6 /* Login.storyboard in Resources */ = {isa = PBXBuildFile; fileRef = 3E6A71801B4C559B005415F6 /* Login.storyboard */; };
		3E6A71831B4C55B8005415F6 /* Publications.storyboard in Resources */ = {isa = PBXBuildFile; fileRef = 3E6A71821B4C55B8005415F6 /* Publications.storyboard */; };
		3E6A71851B4C55E3005415F6 /* Settings.storyboard in Resources */ = {isa = PBXBuildFile; fileRef = 3E6A71841B4C55E3005415F6 /* Settings.storyboard */; };
		3E6A718A1B4C619C005415F6 /* ResultMapViewController.m in Sources */ = {isa = PBXBuildFile; fileRef = 3E6A71891B4C619C005415F6 /* ResultMapViewController.m */; };
		3E6A718F1B4C6330005415F6 /* MyPublicationsTableViewController.m in Sources */ = {isa = PBXBuildFile; fileRef = 3E6A718E1B4C6330005415F6 /* MyPublicationsTableViewController.m */; };
		3E6A71931B4C63D3005415F6 /* LoginViewController.m in Sources */ = {isa = PBXBuildFile; fileRef = 3E6A71921B4C63D3005415F6 /* LoginViewController.m */; };
		3E6A71971B4C645F005415F6 /* SettingsViewController.m in Sources */ = {isa = PBXBuildFile; fileRef = 3E6A71961B4C645F005415F6 /* SettingsViewController.m */; };
		3E6A719D1B4C8D1C005415F6 /* MenuViewController.m in Sources */ = {isa = PBXBuildFile; fileRef = 3E6A719C1B4C8D1C005415F6 /* MenuViewController.m */; };
		3E6A71A61B4DA386005415F6 /* ASMenuItem.m in Sources */ = {isa = PBXBuildFile; fileRef = 3E6A71A51B4DA386005415F6 /* ASMenuItem.m */; };
		3E6A71A91B4DCD8A005415F6 /* ASBaseViewController.m in Sources */ = {isa = PBXBuildFile; fileRef = 3E6A71A81B4DCD8A005415F6 /* ASBaseViewController.m */; };
		3E6A71AD1B4DE6F2005415F6 /* ASNavigateMenuItem.m in Sources */ = {isa = PBXBuildFile; fileRef = 3E6A71AC1B4DE6F2005415F6 /* ASNavigateMenuItem.m */; };
		3E6A71B01B4DFD4F005415F6 /* SearchNavigationController.m in Sources */ = {isa = PBXBuildFile; fileRef = 3E6A71AF1B4DFD4F005415F6 /* SearchNavigationController.m */; };
		432FEE661B45CC74001BCF5E /* main.m in Sources */ = {isa = PBXBuildFile; fileRef = 432FEE651B45CC74001BCF5E /* main.m */; };
		432FEE691B45CC74001BCF5E /* AppDelegate.m in Sources */ = {isa = PBXBuildFile; fileRef = 432FEE681B45CC74001BCF5E /* AppDelegate.m */; };
		432FEE6F1B45CC74001BCF5E /* Main.storyboard in Resources */ = {isa = PBXBuildFile; fileRef = 432FEE6D1B45CC74001BCF5E /* Main.storyboard */; };
		432FEE711B45CC74001BCF5E /* Images.xcassets in Resources */ = {isa = PBXBuildFile; fileRef = 432FEE701B45CC74001BCF5E /* Images.xcassets */; };
		432FEE741B45CC74001BCF5E /* LaunchScreen.xib in Resources */ = {isa = PBXBuildFile; fileRef = 432FEE721B45CC74001BCF5E /* LaunchScreen.xib */; };
		432FEE801B45CC74001BCF5E /* AsiloTests.m in Sources */ = {isa = PBXBuildFile; fileRef = 432FEE7F1B45CC74001BCF5E /* AsiloTests.m */; };
		432FEEFB1B4C9B76001BCF5E /* ASHome.m in Sources */ = {isa = PBXBuildFile; fileRef = 432FEEFA1B4C9B76001BCF5E /* ASHome.m */; };
		432FEF011B4DA7C3001BCF5E /* ASTag.m in Sources */ = {isa = PBXBuildFile; fileRef = 432FEF001B4DA7C3001BCF5E /* ASTag.m */; };
		432FEF041B4DA89E001BCF5E /* ASFilter.m in Sources */ = {isa = PBXBuildFile; fileRef = 432FEF031B4DA89E001BCF5E /* ASFilter.m */; };
		432FEF071B4DE9F5001BCF5E /* ASUser.m in Sources */ = {isa = PBXBuildFile; fileRef = 432FEF061B4DE9F5001BCF5E /* ASUser.m */; };
		432FEF0C1B4EE2E6001BCF5E /* ASPhoto.m in Sources */ = {isa = PBXBuildFile; fileRef = 432FEF0B1B4EE2E6001BCF5E /* ASPhoto.m */; };
		56F7EFEA1C07405C50B97C2E /* libPods-Asilo.a in Frameworks */ = {isa = PBXBuildFile; fileRef = B19F7BC7A657AFFEE4A78E51 /* libPods-Asilo.a */; };
/* End PBXBuildFile section */

/* Begin PBXContainerItemProxy section */
		432FEE7A1B45CC74001BCF5E /* PBXContainerItemProxy */ = {
			isa = PBXContainerItemProxy;
			containerPortal = 432FEE581B45CC74001BCF5E /* Project object */;
			proxyType = 1;
			remoteGlobalIDString = 432FEE5F1B45CC74001BCF5E;
			remoteInfo = Asilo;
		};
/* End PBXContainerItemProxy section */

/* Begin PBXFileReference section */
		3E13BAE11B50399A0052F56D /* WizardLocationViewController.h */ = {isa = PBXFileReference; fileEncoding = 4; lastKnownFileType = sourcecode.c.h; path = WizardLocationViewController.h; sourceTree = "<group>"; };
		3E13BAE21B50399A0052F56D /* WizardLocationViewController.m */ = {isa = PBXFileReference; fileEncoding = 4; lastKnownFileType = sourcecode.c.objc; path = WizardLocationViewController.m; sourceTree = "<group>"; };
		3E13BAE41B5045210052F56D /* MapKit.framework */ = {isa = PBXFileReference; lastKnownFileType = wrapper.framework; name = MapKit.framework; path = System/Library/Frameworks/MapKit.framework; sourceTree = SDKROOT; };
		3E6A717E1B4C5584005415F6 /* Search.storyboard */ = {isa = PBXFileReference; fileEncoding = 4; lastKnownFileType = file.storyboard; path = Search.storyboard; sourceTree = "<group>"; };
		3E6A71801B4C559B005415F6 /* Login.storyboard */ = {isa = PBXFileReference; fileEncoding = 4; lastKnownFileType = file.storyboard; path = Login.storyboard; sourceTree = "<group>"; };
		3E6A71821B4C55B8005415F6 /* Publications.storyboard */ = {isa = PBXFileReference; fileEncoding = 4; lastKnownFileType = file.storyboard; path = Publications.storyboard; sourceTree = "<group>"; };
		3E6A71841B4C55E3005415F6 /* Settings.storyboard */ = {isa = PBXFileReference; fileEncoding = 4; lastKnownFileType = file.storyboard; path = Settings.storyboard; sourceTree = "<group>"; };
		3E6A71861B4C5836005415F6 /* libMMDrawerController.a */ = {isa = PBXFileReference; lastKnownFileType = archive.ar; name = libMMDrawerController.a; path = "Pods/../build/Debug-iphoneos/libMMDrawerController.a"; sourceTree = "<group>"; };
		3E6A71881B4C619C005415F6 /* ResultMapViewController.h */ = {isa = PBXFileReference; fileEncoding = 4; lastKnownFileType = sourcecode.c.h; path = ResultMapViewController.h; sourceTree = "<group>"; };
		3E6A71891B4C619C005415F6 /* ResultMapViewController.m */ = {isa = PBXFileReference; fileEncoding = 4; lastKnownFileType = sourcecode.c.objc; path = ResultMapViewController.m; sourceTree = "<group>"; };
		3E6A718D1B4C6330005415F6 /* MyPublicationsTableViewController.h */ = {isa = PBXFileReference; fileEncoding = 4; lastKnownFileType = sourcecode.c.h; path = MyPublicationsTableViewController.h; sourceTree = "<group>"; };
		3E6A718E1B4C6330005415F6 /* MyPublicationsTableViewController.m */ = {isa = PBXFileReference; fileEncoding = 4; lastKnownFileType = sourcecode.c.objc; path = MyPublicationsTableViewController.m; sourceTree = "<group>"; };
		3E6A71911B4C63D3005415F6 /* LoginViewController.h */ = {isa = PBXFileReference; fileEncoding = 4; lastKnownFileType = sourcecode.c.h; path = LoginViewController.h; sourceTree = "<group>"; };
		3E6A71921B4C63D3005415F6 /* LoginViewController.m */ = {isa = PBXFileReference; fileEncoding = 4; lastKnownFileType = sourcecode.c.objc; path = LoginViewController.m; sourceTree = "<group>"; };
		3E6A71951B4C645F005415F6 /* SettingsViewController.h */ = {isa = PBXFileReference; fileEncoding = 4; lastKnownFileType = sourcecode.c.h; path = SettingsViewController.h; sourceTree = "<group>"; };
		3E6A71961B4C645F005415F6 /* SettingsViewController.m */ = {isa = PBXFileReference; fileEncoding = 4; lastKnownFileType = sourcecode.c.objc; path = SettingsViewController.m; sourceTree = "<group>"; };
		3E6A719B1B4C8D1C005415F6 /* MenuViewController.h */ = {isa = PBXFileReference; fileEncoding = 4; lastKnownFileType = sourcecode.c.h; path = MenuViewController.h; sourceTree = "<group>"; };
		3E6A719C1B4C8D1C005415F6 /* MenuViewController.m */ = {isa = PBXFileReference; fileEncoding = 4; lastKnownFileType = sourcecode.c.objc; path = MenuViewController.m; sourceTree = "<group>"; };
		3E6A71A41B4DA386005415F6 /* ASMenuItem.h */ = {isa = PBXFileReference; fileEncoding = 4; lastKnownFileType = sourcecode.c.h; path = ASMenuItem.h; sourceTree = "<group>"; };
		3E6A71A51B4DA386005415F6 /* ASMenuItem.m */ = {isa = PBXFileReference; fileEncoding = 4; lastKnownFileType = sourcecode.c.objc; path = ASMenuItem.m; sourceTree = "<group>"; };
		3E6A71A71B4DCD8A005415F6 /* ASBaseViewController.h */ = {isa = PBXFileReference; fileEncoding = 4; lastKnownFileType = sourcecode.c.h; path = ASBaseViewController.h; sourceTree = "<group>"; };
		3E6A71A81B4DCD8A005415F6 /* ASBaseViewController.m */ = {isa = PBXFileReference; fileEncoding = 4; lastKnownFileType = sourcecode.c.objc; path = ASBaseViewController.m; sourceTree = "<group>"; };
		3E6A71AB1B4DE6F2005415F6 /* ASNavigateMenuItem.h */ = {isa = PBXFileReference; fileEncoding = 4; lastKnownFileType = sourcecode.c.h; path = ASNavigateMenuItem.h; sourceTree = "<group>"; };
		3E6A71AC1B4DE6F2005415F6 /* ASNavigateMenuItem.m */ = {isa = PBXFileReference; fileEncoding = 4; lastKnownFileType = sourcecode.c.objc; path = ASNavigateMenuItem.m; sourceTree = "<group>"; };
		3E6A71AE1B4DFD4F005415F6 /* SearchNavigationController.h */ = {isa = PBXFileReference; fileEncoding = 4; lastKnownFileType = sourcecode.c.h; path = SearchNavigationController.h; sourceTree = "<group>"; };
		3E6A71AF1B4DFD4F005415F6 /* SearchNavigationController.m */ = {isa = PBXFileReference; fileEncoding = 4; lastKnownFileType = sourcecode.c.objc; path = SearchNavigationController.m; sourceTree = "<group>"; };
		432FEE601B45CC74001BCF5E /* Asilo.app */ = {isa = PBXFileReference; explicitFileType = wrapper.application; includeInIndex = 0; path = Asilo.app; sourceTree = BUILT_PRODUCTS_DIR; };
		432FEE641B45CC74001BCF5E /* Info.plist */ = {isa = PBXFileReference; lastKnownFileType = text.plist.xml; path = Info.plist; sourceTree = "<group>"; };
		432FEE651B45CC74001BCF5E /* main.m */ = {isa = PBXFileReference; lastKnownFileType = sourcecode.c.objc; path = main.m; sourceTree = "<group>"; };
		432FEE671B45CC74001BCF5E /* AppDelegate.h */ = {isa = PBXFileReference; lastKnownFileType = sourcecode.c.h; path = AppDelegate.h; sourceTree = "<group>"; };
		432FEE681B45CC74001BCF5E /* AppDelegate.m */ = {isa = PBXFileReference; lastKnownFileType = sourcecode.c.objc; path = AppDelegate.m; sourceTree = "<group>"; };
		432FEE6E1B45CC74001BCF5E /* Base */ = {isa = PBXFileReference; lastKnownFileType = file.storyboard; name = Base; path = Base.lproj/Main.storyboard; sourceTree = "<group>"; };
		432FEE701B45CC74001BCF5E /* Images.xcassets */ = {isa = PBXFileReference; lastKnownFileType = folder.assetcatalog; path = Images.xcassets; sourceTree = "<group>"; };
		432FEE731B45CC74001BCF5E /* Base */ = {isa = PBXFileReference; lastKnownFileType = file.xib; name = Base; path = Base.lproj/LaunchScreen.xib; sourceTree = "<group>"; };
		432FEE791B45CC74001BCF5E /* AsiloTests.xctest */ = {isa = PBXFileReference; explicitFileType = wrapper.cfbundle; includeInIndex = 0; path = AsiloTests.xctest; sourceTree = BUILT_PRODUCTS_DIR; };
		432FEE7E1B45CC74001BCF5E /* Info.plist */ = {isa = PBXFileReference; lastKnownFileType = text.plist.xml; path = Info.plist; sourceTree = "<group>"; };
		432FEE7F1B45CC74001BCF5E /* AsiloTests.m */ = {isa = PBXFileReference; lastKnownFileType = sourcecode.c.objc; path = AsiloTests.m; sourceTree = "<group>"; };
		432FEEF91B4C9B76001BCF5E /* ASHome.h */ = {isa = PBXFileReference; fileEncoding = 4; lastKnownFileType = sourcecode.c.h; path = ASHome.h; sourceTree = "<group>"; };
		432FEEFA1B4C9B76001BCF5E /* ASHome.m */ = {isa = PBXFileReference; fileEncoding = 4; lastKnownFileType = sourcecode.c.objc; path = ASHome.m; sourceTree = "<group>"; };
		432FEEFF1B4DA7C3001BCF5E /* ASTag.h */ = {isa = PBXFileReference; fileEncoding = 4; lastKnownFileType = sourcecode.c.h; path = ASTag.h; sourceTree = "<group>"; };
		432FEF001B4DA7C3001BCF5E /* ASTag.m */ = {isa = PBXFileReference; fileEncoding = 4; lastKnownFileType = sourcecode.c.objc; path = ASTag.m; sourceTree = "<group>"; };
		432FEF021B4DA89E001BCF5E /* ASFilter.h */ = {isa = PBXFileReference; fileEncoding = 4; lastKnownFileType = sourcecode.c.h; path = ASFilter.h; sourceTree = "<group>"; };
		432FEF031B4DA89E001BCF5E /* ASFilter.m */ = {isa = PBXFileReference; fileEncoding = 4; lastKnownFileType = sourcecode.c.objc; path = ASFilter.m; sourceTree = "<group>"; };
		432FEF051B4DE9F5001BCF5E /* ASUser.h */ = {isa = PBXFileReference; fileEncoding = 4; lastKnownFileType = sourcecode.c.h; path = ASUser.h; sourceTree = "<group>"; };
		432FEF061B4DE9F5001BCF5E /* ASUser.m */ = {isa = PBXFileReference; fileEncoding = 4; lastKnownFileType = sourcecode.c.objc; path = ASUser.m; sourceTree = "<group>"; };
		432FEF0A1B4EE2E6001BCF5E /* ASPhoto.h */ = {isa = PBXFileReference; fileEncoding = 4; lastKnownFileType = sourcecode.c.h; path = ASPhoto.h; sourceTree = "<group>"; };
		432FEF0B1B4EE2E6001BCF5E /* ASPhoto.m */ = {isa = PBXFileReference; fileEncoding = 4; lastKnownFileType = sourcecode.c.objc; path = ASPhoto.m; sourceTree = "<group>"; };
		92022E9E08D3E1C5EC05193E /* Pods-Asilo.release.xcconfig */ = {isa = PBXFileReference; includeInIndex = 1; lastKnownFileType = text.xcconfig; name = "Pods-Asilo.release.xcconfig"; path = "Pods/Target Support Files/Pods-Asilo/Pods-Asilo.release.xcconfig"; sourceTree = "<group>"; };
		B19F7BC7A657AFFEE4A78E51 /* libPods-Asilo.a */ = {isa = PBXFileReference; explicitFileType = archive.ar; includeInIndex = 0; path = "libPods-Asilo.a"; sourceTree = BUILT_PRODUCTS_DIR; };
		E1E5108775253F3D07B198AB /* Pods-Asilo.debug.xcconfig */ = {isa = PBXFileReference; includeInIndex = 1; lastKnownFileType = text.xcconfig; name = "Pods-Asilo.debug.xcconfig"; path = "Pods/Target Support Files/Pods-Asilo/Pods-Asilo.debug.xcconfig"; sourceTree = "<group>"; };
/* End PBXFileReference section */

/* Begin PBXFrameworksBuildPhase section */
		432FEE5D1B45CC74001BCF5E /* Frameworks */ = {
			isa = PBXFrameworksBuildPhase;
			buildActionMask = 2147483647;
			files = (
				3E13BAE51B5045210052F56D /* MapKit.framework in Frameworks */,
				56F7EFEA1C07405C50B97C2E /* libPods-Asilo.a in Frameworks */,
			);
			runOnlyForDeploymentPostprocessing = 0;
		};
		432FEE761B45CC74001BCF5E /* Frameworks */ = {
			isa = PBXFrameworksBuildPhase;
			buildActionMask = 2147483647;
			files = (
			);
			runOnlyForDeploymentPostprocessing = 0;
		};
/* End PBXFrameworksBuildPhase section */

/* Begin PBXGroup section */
		08E190D57819A613A42F17D5 /* Pods */ = {
			isa = PBXGroup;
			children = (
				E1E5108775253F3D07B198AB /* Pods-Asilo.debug.xcconfig */,
				92022E9E08D3E1C5EC05193E /* Pods-Asilo.release.xcconfig */,
			);
			name = Pods;
			sourceTree = "<group>";
		};
		0E8F157D1AABA341D11010B1 /* Frameworks */ = {
			isa = PBXGroup;
			children = (
				3E13BAE41B5045210052F56D /* MapKit.framework */,
				3E6A71861B4C5836005415F6 /* libMMDrawerController.a */,
				B19F7BC7A657AFFEE4A78E51 /* libPods-Asilo.a */,
			);
			name = Frameworks;
			sourceTree = "<group>";
		};
		3E6A718B1B4C61AC005415F6 /* Search */ = {
			isa = PBXGroup;
			children = (
				3E6A717E1B4C5584005415F6 /* Search.storyboard */,
				3E6A71AE1B4DFD4F005415F6 /* SearchNavigationController.h */,
				3E6A71AF1B4DFD4F005415F6 /* SearchNavigationController.m */,
				3E6A71881B4C619C005415F6 /* ResultMapViewController.h */,
				3E6A71891B4C619C005415F6 /* ResultMapViewController.m */,
			);
			name = Search;
			sourceTree = "<group>";
		};
		3E6A718C1B4C62F3005415F6 /* Publications */ = {
			isa = PBXGroup;
			children = (
				3E6A71821B4C55B8005415F6 /* Publications.storyboard */,
				3E6A718D1B4C6330005415F6 /* MyPublicationsTableViewController.h */,
				3E6A718E1B4C6330005415F6 /* MyPublicationsTableViewController.m */,
				3E13BAE11B50399A0052F56D /* WizardLocationViewController.h */,
				3E13BAE21B50399A0052F56D /* WizardLocationViewController.m */,
			);
			name = Publications;
			sourceTree = "<group>";
		};
		3E6A71901B4C635C005415F6 /* Login */ = {
			isa = PBXGroup;
			children = (
				3E6A71801B4C559B005415F6 /* Login.storyboard */,
				3E6A71911B4C63D3005415F6 /* LoginViewController.h */,
				3E6A71921B4C63D3005415F6 /* LoginViewController.m */,
			);
			name = Login;
			sourceTree = "<group>";
		};
		3E6A71941B4C6422005415F6 /* Settings */ = {
			isa = PBXGroup;
			children = (
				3E6A71841B4C55E3005415F6 /* Settings.storyboard */,
				3E6A71951B4C645F005415F6 /* SettingsViewController.h */,
				3E6A71961B4C645F005415F6 /* SettingsViewController.m */,
			);
			name = Settings;
			sourceTree = "<group>";
		};
		3E6A71AA1B4DE605005415F6 /* Menu */ = {
			isa = PBXGroup;
			children = (
				3E6A719B1B4C8D1C005415F6 /* MenuViewController.h */,
				3E6A719C1B4C8D1C005415F6 /* MenuViewController.m */,
				3E6A71A41B4DA386005415F6 /* ASMenuItem.h */,
				3E6A71A51B4DA386005415F6 /* ASMenuItem.m */,
				3E6A71AB1B4DE6F2005415F6 /* ASNavigateMenuItem.h */,
				3E6A71AC1B4DE6F2005415F6 /* ASNavigateMenuItem.m */,
			);
			name = Menu;
			sourceTree = "<group>";
		};
		432FEE571B45CC74001BCF5E = {
			isa = PBXGroup;
			children = (
				432FEE621B45CC74001BCF5E /* Asilo */,
				432FEE7C1B45CC74001BCF5E /* AsiloTests */,
				432FEE611B45CC74001BCF5E /* Products */,
				08E190D57819A613A42F17D5 /* Pods */,
				0E8F157D1AABA341D11010B1 /* Frameworks */,
			);
			sourceTree = "<group>";
		};
		432FEE611B45CC74001BCF5E /* Products */ = {
			isa = PBXGroup;
			children = (
				432FEE601B45CC74001BCF5E /* Asilo.app */,
				432FEE791B45CC74001BCF5E /* AsiloTests.xctest */,
			);
			name = Products;
			sourceTree = "<group>";
		};
		432FEE621B45CC74001BCF5E /* Asilo */ = {
			isa = PBXGroup;
			children = (
				432FEEF71B4C9B54001BCF5E /* Model */,
				432FEE671B45CC74001BCF5E /* AppDelegate.h */,
				432FEE681B45CC74001BCF5E /* AppDelegate.m */,
				3E6A71A71B4DCD8A005415F6 /* ASBaseViewController.h */,
				3E6A71A81B4DCD8A005415F6 /* ASBaseViewController.m */,
				432FEE6D1B45CC74001BCF5E /* Main.storyboard */,
				3E6A71AA1B4DE605005415F6 /* Menu */,
				3E6A718B1B4C61AC005415F6 /* Search */,
				3E6A718C1B4C62F3005415F6 /* Publications */,
				3E6A71901B4C635C005415F6 /* Login */,
				3E6A71941B4C6422005415F6 /* Settings */,
				432FEE701B45CC74001BCF5E /* Images.xcassets */,
				432FEE721B45CC74001BCF5E /* LaunchScreen.xib */,
				432FEE631B45CC74001BCF5E /* Supporting Files */,
			);
			path = Asilo;
			sourceTree = "<group>";
		};
		432FEE631B45CC74001BCF5E /* Supporting Files */ = {
			isa = PBXGroup;
			children = (
				432FEE641B45CC74001BCF5E /* Info.plist */,
				432FEE651B45CC74001BCF5E /* main.m */,
			);
			name = "Supporting Files";
			sourceTree = "<group>";
		};
		432FEE7C1B45CC74001BCF5E /* AsiloTests */ = {
			isa = PBXGroup;
			children = (
				432FEE7F1B45CC74001BCF5E /* AsiloTests.m */,
				432FEE7D1B45CC74001BCF5E /* Supporting Files */,
			);
			path = AsiloTests;
			sourceTree = "<group>";
		};
		432FEE7D1B45CC74001BCF5E /* Supporting Files */ = {
			isa = PBXGroup;
			children = (
				432FEE7E1B45CC74001BCF5E /* Info.plist */,
			);
			name = "Supporting Files";
			sourceTree = "<group>";
		};
		432FEEF71B4C9B54001BCF5E /* Model */ = {
			isa = PBXGroup;
			children = (
				432FEEF81B4C9B5B001BCF5E /* Entities */,
			);
			name = Model;
			sourceTree = "<group>";
		};
		432FEEF81B4C9B5B001BCF5E /* Entities */ = {
			isa = PBXGroup;
			children = (
				432FEEF91B4C9B76001BCF5E /* ASHome.h */,
				432FEEFA1B4C9B76001BCF5E /* ASHome.m */,
				432FEF051B4DE9F5001BCF5E /* ASUser.h */,
				432FEF061B4DE9F5001BCF5E /* ASUser.m */,
				432FEEFF1B4DA7C3001BCF5E /* ASTag.h */,
				432FEF001B4DA7C3001BCF5E /* ASTag.m */,
				432FEF021B4DA89E001BCF5E /* ASFilter.h */,
				432FEF031B4DA89E001BCF5E /* ASFilter.m */,
				432FEF0A1B4EE2E6001BCF5E /* ASPhoto.h */,
				432FEF0B1B4EE2E6001BCF5E /* ASPhoto.m */,
			);
			name = Entities;
			sourceTree = "<group>";
		};
/* End PBXGroup section */

/* Begin PBXNativeTarget section */
		432FEE5F1B45CC74001BCF5E /* Asilo */ = {
			isa = PBXNativeTarget;
			buildConfigurationList = 432FEE831B45CC74001BCF5E /* Build configuration list for PBXNativeTarget "Asilo" */;
			buildPhases = (
				0ADF0DC56E34B8B112529587 /* Check Pods Manifest.lock */,
				432FEE5C1B45CC74001BCF5E /* Sources */,
				432FEE5D1B45CC74001BCF5E /* Frameworks */,
				432FEE5E1B45CC74001BCF5E /* Resources */,
				25A14172006DA00E2B20C130 /* Copy Pods Resources */,
			);
			buildRules = (
			);
			dependencies = (
			);
			name = Asilo;
			productName = Asilo;
			productReference = 432FEE601B45CC74001BCF5E /* Asilo.app */;
			productType = "com.apple.product-type.application";
		};
		432FEE781B45CC74001BCF5E /* AsiloTests */ = {
			isa = PBXNativeTarget;
			buildConfigurationList = 432FEE861B45CC74001BCF5E /* Build configuration list for PBXNativeTarget "AsiloTests" */;
			buildPhases = (
				432FEE751B45CC74001BCF5E /* Sources */,
				432FEE761B45CC74001BCF5E /* Frameworks */,
				432FEE771B45CC74001BCF5E /* Resources */,
			);
			buildRules = (
			);
			dependencies = (
				432FEE7B1B45CC74001BCF5E /* PBXTargetDependency */,
			);
			name = AsiloTests;
			productName = AsiloTests;
			productReference = 432FEE791B45CC74001BCF5E /* AsiloTests.xctest */;
			productType = "com.apple.product-type.bundle.unit-test";
		};
/* End PBXNativeTarget section */

/* Begin PBXProject section */
		432FEE581B45CC74001BCF5E /* Project object */ = {
			isa = PBXProject;
			attributes = {
				LastUpgradeCheck = 0640;
				ORGANIZATIONNAME = Nearsoft;
				TargetAttributes = {
					432FEE5F1B45CC74001BCF5E = {
						CreatedOnToolsVersion = 6.4;
					};
					432FEE781B45CC74001BCF5E = {
						CreatedOnToolsVersion = 6.4;
						TestTargetID = 432FEE5F1B45CC74001BCF5E;
					};
				};
			};
			buildConfigurationList = 432FEE5B1B45CC74001BCF5E /* Build configuration list for PBXProject "Asilo" */;
			compatibilityVersion = "Xcode 3.2";
			developmentRegion = English;
			hasScannedForEncodings = 0;
			knownRegions = (
				en,
				Base,
			);
			mainGroup = 432FEE571B45CC74001BCF5E;
			productRefGroup = 432FEE611B45CC74001BCF5E /* Products */;
			projectDirPath = "";
			projectRoot = "";
			targets = (
				432FEE5F1B45CC74001BCF5E /* Asilo */,
				432FEE781B45CC74001BCF5E /* AsiloTests */,
			);
		};
/* End PBXProject section */

/* Begin PBXResourcesBuildPhase section */
		432FEE5E1B45CC74001BCF5E /* Resources */ = {
			isa = PBXResourcesBuildPhase;
			buildActionMask = 2147483647;
			files = (
				432FEE6F1B45CC74001BCF5E /* Main.storyboard in Resources */,
				432FEE741B45CC74001BCF5E /* LaunchScreen.xib in Resources */,
				3E6A717F1B4C5584005415F6 /* Search.storyboard in Resources */,
				3E6A71831B4C55B8005415F6 /* Publications.storyboard in Resources */,
				3E6A71811B4C559B005415F6 /* Login.storyboard in Resources */,
				432FEE711B45CC74001BCF5E /* Images.xcassets in Resources */,
				3E6A71851B4C55E3005415F6 /* Settings.storyboard in Resources */,
			);
			runOnlyForDeploymentPostprocessing = 0;
		};
		432FEE771B45CC74001BCF5E /* Resources */ = {
			isa = PBXResourcesBuildPhase;
			buildActionMask = 2147483647;
			files = (
			);
			runOnlyForDeploymentPostprocessing = 0;
		};
/* End PBXResourcesBuildPhase section */

/* Begin PBXShellScriptBuildPhase section */
		0ADF0DC56E34B8B112529587 /* Check Pods Manifest.lock */ = {
			isa = PBXShellScriptBuildPhase;
			buildActionMask = 2147483647;
			files = (
			);
			inputPaths = (
			);
			name = "Check Pods Manifest.lock";
			outputPaths = (
			);
			runOnlyForDeploymentPostprocessing = 0;
			shellPath = /bin/sh;
			shellScript = "diff \"${PODS_ROOT}/../Podfile.lock\" \"${PODS_ROOT}/Manifest.lock\" > /dev/null\nif [[ $? != 0 ]] ; then\n    cat << EOM\nerror: The sandbox is not in sync with the Podfile.lock. Run 'pod install' or update your CocoaPods installation.\nEOM\n    exit 1\nfi\n";
			showEnvVarsInLog = 0;
		};
		25A14172006DA00E2B20C130 /* Copy Pods Resources */ = {
			isa = PBXShellScriptBuildPhase;
			buildActionMask = 2147483647;
			files = (
			);
			inputPaths = (
			);
			name = "Copy Pods Resources";
			outputPaths = (
			);
			runOnlyForDeploymentPostprocessing = 0;
			shellPath = /bin/sh;
			shellScript = "\"${SRCROOT}/Pods/Target Support Files/Pods-Asilo/Pods-Asilo-resources.sh\"\n";
			showEnvVarsInLog = 0;
		};
/* End PBXShellScriptBuildPhase section */

/* Begin PBXSourcesBuildPhase section */
		432FEE5C1B45CC74001BCF5E /* Sources */ = {
			isa = PBXSourcesBuildPhase;
			buildActionMask = 2147483647;
			files = (
				3E6A718F1B4C6330005415F6 /* MyPublicationsTableViewController.m in Sources */,
				3E6A71A61B4DA386005415F6 /* ASMenuItem.m in Sources */,
				3E6A71AD1B4DE6F2005415F6 /* ASNavigateMenuItem.m in Sources */,
				3E6A71A91B4DCD8A005415F6 /* ASBaseViewController.m in Sources */,
				432FEF011B4DA7C3001BCF5E /* ASTag.m in Sources */,
				432FEF041B4DA89E001BCF5E /* ASFilter.m in Sources */,
				432FEE6C1B45CC74001BCF5E /* ViewController.m in Sources */,
				432FEF071B4DE9F5001BCF5E /* ASUser.m in Sources */,
				432FEF0C1B4EE2E6001BCF5E /* ASPhoto.m in Sources */,
				432FEE691B45CC74001BCF5E /* AppDelegate.m in Sources */,
				432FEEFB1B4C9B76001BCF5E /* ASHome.m in Sources */,
				432FEE661B45CC74001BCF5E /* main.m in Sources */,
				3E6A71971B4C645F005415F6 /* SettingsViewController.m in Sources */,
				3E6A719D1B4C8D1C005415F6 /* MenuViewController.m in Sources */,
				3E6A718A1B4C619C005415F6 /* ResultMapViewController.m in Sources */,
				3E6A71931B4C63D3005415F6 /* LoginViewController.m in Sources */,
				3E13BAE31B50399A0052F56D /* WizardLocationViewController.m in Sources */,
				3E6A71B01B4DFD4F005415F6 /* SearchNavigationController.m in Sources */,
			);
			runOnlyForDeploymentPostprocessing = 0;
		};
		432FEE751B45CC74001BCF5E /* Sources */ = {
			isa = PBXSourcesBuildPhase;
			buildActionMask = 2147483647;
			files = (
				432FEE801B45CC74001BCF5E /* AsiloTests.m in Sources */,
			);
			runOnlyForDeploymentPostprocessing = 0;
		};
/* End PBXSourcesBuildPhase section */

/* Begin PBXTargetDependency section */
		432FEE7B1B45CC74001BCF5E /* PBXTargetDependency */ = {
			isa = PBXTargetDependency;
			target = 432FEE5F1B45CC74001BCF5E /* Asilo */;
			targetProxy = 432FEE7A1B45CC74001BCF5E /* PBXContainerItemProxy */;
		};
/* End PBXTargetDependency section */

/* Begin PBXVariantGroup section */
		432FEE6D1B45CC74001BCF5E /* Main.storyboard */ = {
			isa = PBXVariantGroup;
			children = (
				432FEE6E1B45CC74001BCF5E /* Base */,
			);
			name = Main.storyboard;
			sourceTree = "<group>";
		};
		432FEE721B45CC74001BCF5E /* LaunchScreen.xib */ = {
			isa = PBXVariantGroup;
			children = (
				432FEE731B45CC74001BCF5E /* Base */,
			);
			name = LaunchScreen.xib;
			sourceTree = "<group>";
		};
/* End PBXVariantGroup section */

/* Begin XCBuildConfiguration section */
		432FEE811B45CC74001BCF5E /* Debug */ = {
			isa = XCBuildConfiguration;
			buildSettings = {
				ALWAYS_SEARCH_USER_PATHS = NO;
				CLANG_CXX_LANGUAGE_STANDARD = "gnu++0x";
				CLANG_CXX_LIBRARY = "libc++";
				CLANG_ENABLE_MODULES = YES;
				CLANG_ENABLE_OBJC_ARC = YES;
				CLANG_WARN_BOOL_CONVERSION = YES;
				CLANG_WARN_CONSTANT_CONVERSION = YES;
				CLANG_WARN_DIRECT_OBJC_ISA_USAGE = YES_ERROR;
				CLANG_WARN_EMPTY_BODY = YES;
				CLANG_WARN_ENUM_CONVERSION = YES;
				CLANG_WARN_INT_CONVERSION = YES;
				CLANG_WARN_OBJC_ROOT_CLASS = YES_ERROR;
				CLANG_WARN_UNREACHABLE_CODE = YES;
				CLANG_WARN__DUPLICATE_METHOD_MATCH = YES;
				"CODE_SIGN_IDENTITY[sdk=iphoneos*]" = "iPhone Developer";
				COPY_PHASE_STRIP = NO;
				DEBUG_INFORMATION_FORMAT = "dwarf-with-dsym";
				ENABLE_STRICT_OBJC_MSGSEND = YES;
				GCC_C_LANGUAGE_STANDARD = gnu99;
				GCC_DYNAMIC_NO_PIC = NO;
				GCC_NO_COMMON_BLOCKS = YES;
				GCC_OPTIMIZATION_LEVEL = 0;
				GCC_PREPROCESSOR_DEFINITIONS = (
					"DEBUG=1",
					"$(inherited)",
				);
				GCC_SYMBOLS_PRIVATE_EXTERN = NO;
				GCC_WARN_64_TO_32_BIT_CONVERSION = YES;
				GCC_WARN_ABOUT_RETURN_TYPE = YES_ERROR;
				GCC_WARN_UNDECLARED_SELECTOR = YES;
				GCC_WARN_UNINITIALIZED_AUTOS = YES_AGGRESSIVE;
				GCC_WARN_UNUSED_FUNCTION = YES;
				GCC_WARN_UNUSED_VARIABLE = YES;
				IPHONEOS_DEPLOYMENT_TARGET = 8.4;
				MTL_ENABLE_DEBUG_INFO = YES;
				ONLY_ACTIVE_ARCH = YES;
				SDKROOT = iphoneos;
				TARGETED_DEVICE_FAMILY = "1,2";
			};
			name = Debug;
		};
		432FEE821B45CC74001BCF5E /* Release */ = {
			isa = XCBuildConfiguration;
			buildSettings = {
				ALWAYS_SEARCH_USER_PATHS = NO;
				CLANG_CXX_LANGUAGE_STANDARD = "gnu++0x";
				CLANG_CXX_LIBRARY = "libc++";
				CLANG_ENABLE_MODULES = YES;
				CLANG_ENABLE_OBJC_ARC = YES;
				CLANG_WARN_BOOL_CONVERSION = YES;
				CLANG_WARN_CONSTANT_CONVERSION = YES;
				CLANG_WARN_DIRECT_OBJC_ISA_USAGE = YES_ERROR;
				CLANG_WARN_EMPTY_BODY = YES;
				CLANG_WARN_ENUM_CONVERSION = YES;
				CLANG_WARN_INT_CONVERSION = YES;
				CLANG_WARN_OBJC_ROOT_CLASS = YES_ERROR;
				CLANG_WARN_UNREACHABLE_CODE = YES;
				CLANG_WARN__DUPLICATE_METHOD_MATCH = YES;
				"CODE_SIGN_IDENTITY[sdk=iphoneos*]" = "iPhone Developer";
				COPY_PHASE_STRIP = NO;
				DEBUG_INFORMATION_FORMAT = "dwarf-with-dsym";
				ENABLE_NS_ASSERTIONS = NO;
				ENABLE_STRICT_OBJC_MSGSEND = YES;
				GCC_C_LANGUAGE_STANDARD = gnu99;
				GCC_NO_COMMON_BLOCKS = YES;
				GCC_WARN_64_TO_32_BIT_CONVERSION = YES;
				GCC_WARN_ABOUT_RETURN_TYPE = YES_ERROR;
				GCC_WARN_UNDECLARED_SELECTOR = YES;
				GCC_WARN_UNINITIALIZED_AUTOS = YES_AGGRESSIVE;
				GCC_WARN_UNUSED_FUNCTION = YES;
				GCC_WARN_UNUSED_VARIABLE = YES;
				IPHONEOS_DEPLOYMENT_TARGET = 8.4;
				MTL_ENABLE_DEBUG_INFO = NO;
				SDKROOT = iphoneos;
				TARGETED_DEVICE_FAMILY = "1,2";
				VALIDATE_PRODUCT = YES;
			};
			name = Release;
		};
		432FEE841B45CC74001BCF5E /* Debug */ = {
			isa = XCBuildConfiguration;
			baseConfigurationReference = E1E5108775253F3D07B198AB /* Pods-Asilo.debug.xcconfig */;
			buildSettings = {
				ASSETCATALOG_COMPILER_APPICON_NAME = AppIcon;
				INFOPLIST_FILE = Asilo/Info.plist;
				LD_RUNPATH_SEARCH_PATHS = "$(inherited) @executable_path/Frameworks";
				LIBRARY_SEARCH_PATHS = (
					"$(inherited)",
					"$(PROJECT_DIR)/build/Debug-iphoneos",
				);
				PRODUCT_NAME = "$(TARGET_NAME)";
			};
			name = Debug;
		};
		432FEE851B45CC74001BCF5E /* Release */ = {
			isa = XCBuildConfiguration;
			baseConfigurationReference = 92022E9E08D3E1C5EC05193E /* Pods-Asilo.release.xcconfig */;
			buildSettings = {
				ASSETCATALOG_COMPILER_APPICON_NAME = AppIcon;
				INFOPLIST_FILE = Asilo/Info.plist;
				LD_RUNPATH_SEARCH_PATHS = "$(inherited) @executable_path/Frameworks";
				LIBRARY_SEARCH_PATHS = (
					"$(inherited)",
					"$(PROJECT_DIR)/build/Debug-iphoneos",
				);
				PRODUCT_NAME = "$(TARGET_NAME)";
			};
			name = Release;
		};
		432FEE871B45CC74001BCF5E /* Debug */ = {
			isa = XCBuildConfiguration;
			buildSettings = {
				BUNDLE_LOADER = "$(TEST_HOST)";
				FRAMEWORK_SEARCH_PATHS = (
					"$(SDKROOT)/Developer/Library/Frameworks",
					"$(inherited)",
				);
				GCC_PREPROCESSOR_DEFINITIONS = (
					"DEBUG=1",
					"$(inherited)",
				);
				INFOPLIST_FILE = AsiloTests/Info.plist;
				LD_RUNPATH_SEARCH_PATHS = "$(inherited) @executable_path/Frameworks @loader_path/Frameworks";
				PRODUCT_NAME = "$(TARGET_NAME)";
				TEST_HOST = "$(BUILT_PRODUCTS_DIR)/Asilo.app/Asilo";
			};
			name = Debug;
		};
		432FEE881B45CC74001BCF5E /* Release */ = {
			isa = XCBuildConfiguration;
			buildSettings = {
				BUNDLE_LOADER = "$(TEST_HOST)";
				FRAMEWORK_SEARCH_PATHS = (
					"$(SDKROOT)/Developer/Library/Frameworks",
					"$(inherited)",
				);
				INFOPLIST_FILE = AsiloTests/Info.plist;
				LD_RUNPATH_SEARCH_PATHS = "$(inherited) @executable_path/Frameworks @loader_path/Frameworks";
				PRODUCT_NAME = "$(TARGET_NAME)";
				TEST_HOST = "$(BUILT_PRODUCTS_DIR)/Asilo.app/Asilo";
			};
			name = Release;
		};
/* End XCBuildConfiguration section */

/* Begin XCConfigurationList section */
		432FEE5B1B45CC74001BCF5E /* Build configuration list for PBXProject "Asilo" */ = {
			isa = XCConfigurationList;
			buildConfigurations = (
				432FEE811B45CC74001BCF5E /* Debug */,
				432FEE821B45CC74001BCF5E /* Release */,
			);
			defaultConfigurationIsVisible = 0;
			defaultConfigurationName = Release;
		};
		432FEE831B45CC74001BCF5E /* Build configuration list for PBXNativeTarget "Asilo" */ = {
			isa = XCConfigurationList;
			buildConfigurations = (
				432FEE841B45CC74001BCF5E /* Debug */,
				432FEE851B45CC74001BCF5E /* Release */,
			);
			defaultConfigurationIsVisible = 0;
			defaultConfigurationName = Release;
		};
		432FEE861B45CC74001BCF5E /* Build configuration list for PBXNativeTarget "AsiloTests" */ = {
			isa = XCConfigurationList;
			buildConfigurations = (
				432FEE871B45CC74001BCF5E /* Debug */,
				432FEE881B45CC74001BCF5E /* Release */,
			);
			defaultConfigurationIsVisible = 0;
			defaultConfigurationName = Release;
		};
/* End XCConfigurationList section */
	};
	rootObject = 432FEE581B45CC74001BCF5E /* Project object */;
}
